
Microsoft Visual Studio Solution File, Format Version 12.00
# Visual Studio Version 17
VisualStudioVersion = 17.5.33103.201
MinimumVisualStudioVersion = 10.0.40219.1
Project("{FAE04EC0-301F-11D3-BF4B-00C04F79EFBC}") = "GameServerManager", "GameServerManager\GameServerManager\GameServerManager.csproj", "{D6D0754B-5A23-4EE1-8C6E-306E99606CE3}"
EndProject
Project("{FAE04EC0-301F-11D3-BF4B-00C04F79EFBC}") = "GameServerManager.Gtk", "GameServerManager\GameServerManager.Gtk\GameServerManager.Gtk.csproj", "{23491E76-9ECE-4BF1-9BB2-8297BF7582AB}"
EndProject
Project("{FAE04EC0-301F-11D3-BF4B-00C04F79EFBC}") = "GameServerManager.Mac", "GameServerManager\GameServerManager.Mac\GameServerManager.Mac.csproj", "{06AAB2DC-B1D9-49DA-A6AC-C767E7762028}"
EndProject
Project("{FAE04EC0-301F-11D3-BF4B-00C04F79EFBC}") = "GameServerManager.Wpf", "GameServerManager\GameServerManager.Wpf\GameServerManager.Wpf.csproj", "{9F5E234F-0850-44E2-AB55-F579A4C37C10}"
EndProject
Global
	GlobalSection(SolutionConfigurationPlatforms) = preSolution
		Debug|Any CPU = Debug|Any CPU
		Release|Any CPU = Release|Any CPU
	EndGlobalSection
	GlobalSection(ProjectConfigurationPlatforms) = postSolution
		{D6D0754B-5A23-4EE1-8C6E-306E99606CE3}.Debug|Any CPU.ActiveCfg = Debug|Any CPU
		{D6D0754B-5A23-4EE1-8C6E-306E99606CE3}.Debug|Any CPU.Build.0 = Debug|Any CPU
		{D6D0754B-5A23-4EE1-8C6E-306E99606CE3}.Release|Any CPU.ActiveCfg = Release|Any CPU
		{D6D0754B-5A23-4EE1-8C6E-306E99606CE3}.Release|Any CPU.Build.0 = Release|Any CPU
		{23491E76-9ECE-4BF1-9BB2-8297BF7582AB}.Debug|Any CPU.ActiveCfg = Debug|Any CPU
		{23491E76-9ECE-4BF1-9BB2-8297BF7582AB}.Debug|Any CPU.Build.0 = Debug|Any CPU
		{23491E76-9ECE-4BF1-9BB2-8297BF7582AB}.Release|Any CPU.ActiveCfg = Release|Any CPU
		{23491E76-9ECE-4BF1-9BB2-8297BF7582AB}.Release|Any CPU.Build.0 = Release|Any CPU
		{06AAB2DC-B1D9-49DA-A6AC-C767E7762028}.Debug|Any CPU.ActiveCfg = Debug|Any CPU
		{06AAB2DC-B1D9-49DA-A6AC-C767E7762028}.Debug|Any CPU.Build.0 = Debug|Any CPU
		{06AAB2DC-B1D9-49DA-A6AC-C767E7762028}.Release|Any CPU.ActiveCfg = Release|Any CPU
		{06AAB2DC-B1D9-49DA-A6AC-C767E7762028}.Release|Any CPU.Build.0 = Release|Any CPU
		{9F5E234F-0850-44E2-AB55-F579A4C37C10}.Debug|Any CPU.ActiveCfg = Debug|Any CPU
		{9F5E234F-0850-44E2-AB55-F579A4C37C10}.Debug|Any CPU.Build.0 = Debug|Any CPU
		{9F5E234F-0850-44E2-AB55-F579A4C37C10}.Release|Any CPU.ActiveCfg = Release|Any CPU
		{9F5E234F-0850-44E2-AB55-F579A4C37C10}.Release|Any CPU.Build.0 = Release|Any CPU
	EndGlobalSection
	GlobalSection(SolutionProperties) = preSolution
		HideSolutionNode = FALSE
	EndGlobalSection
	GlobalSection(ExtensibilityGlobals) = postSolution
		SolutionGuid = {A92E4CC8-8F1D-4B80-8F35-89DF3B71D6A4}
	EndGlobalSection
EndGlobal
